github.com/ilius/go-lru v0.1.0 h1:6lkC8I4Ek24BPpn4XzaEX29nUjUu8wtQ4WEgyO1Qk0s=
github.com/ilius/go-lru v0.1.0/go.mod h1:6BqKHgh68xAm4qHYrHnCSI+cw2SsfFnd6aPCP5CP058=
github.com/ilius/go-runewidth v0.1.0 h1:EbpSI8v7UaWAXjcVuCEYRtG+l+L/O1o90y4EjZzsZ2Q=
github.com/ilius/go-runewidth v0.1.0/go.mod h1:CL62QbgaGE+Agf8g8VzFcTFgbQpcMyEMOAt9xyfhhY8=
github.com/ilius/is/v2 v2.3.2 h1:14u2j/UTKeIHKlcp/48dabf7+7QJ9JJaaoeHVvfyAOk=
github.com/ilius/is/v2 v2.3.2/go.mod h1:OMGTmQDDc3Svaj3EoQHeNnXHP0R1HCb5u/Hfm7kuYIM=
github.com/rivo/uniseg v0.2.0 h1:S1pD9weZBuJdFmowNwbpi7BJ8TNftyUImj/0WQi72jY=
github.com/rivo/uniseg v0.2.0/go.mod h1:J6wj4VEh+S6ZtnVlnTBMWIodfgj8LQOQFoIToxlJtxc=
